{
  "name": "urban-dictionary-bot",
  "version": "1.0.0",
  "lockfileVersion": 2,
  "requires": true,
  "packages": {
    "": {
      "name": "urban-dictionary-bot",
      "version": "1.0.0",
      "license": "ISC",
      "dependencies": {
        "@types/node": "^17.0.25",
        "urban-dictionary": "^3.0.2"
      }
    },
    "node_modules/@types/node": {
      "version": "17.0.25",
      "resolved": "https://registry.npmjs.org/@types/node/-/node-17.0.25.tgz",
      "integrity": "sha512-wANk6fBrUwdpY4isjWrKTufkrXdu1D2YHCot2fD/DfWxF5sMrVSA+KN7ydckvaTCh0HiqX9IVl0L5/ZoXg5M7w=="
    },
    "node_modules/urban-dictionary": {
      "version": "3.0.2",
      "resolved": "https://registry.npmjs.org/urban-dictionary/-/urban-dictionary-3.0.2.tgz",
      "integrity": "sha512-hoYevSg6JNr8NiYRtxz7sqBDBu4RL52Bd45L2jQQ44Rwrz6ACmnKnRcUkH2TIQRILN+viZMT/MYYU3OyBz68AA==",
      "engines": {
        "node": ">=14.15.1"
      }
    }
  },
  "dependencies": {
    "@types/node": {
      "version": "17.0.25",
      "resolved": "https://registry.npmjs.org/@types/node/-/node-17.0.25.tgz",
      "integrity": "sha512-wANk6fBrUwdpY4isjWrKTufkrXdu1D2YHCot2fD/DfWxF5sMrVSA+KN7ydckvaTCh0HiqX9IVl0L5/ZoXg5M7w=="
    },
    "urban-dictionary": {
      "version": "3.0.2",
      "resolved": "https://registry.npmjs.org/urban-dictionary/-/urban-dictionary-3.0.2.tgz",
      "integrity": "sha512-hoYevSg6JNr8NiYRtxz7sqBDBu4RL52Bd45L2jQQ44Rwrz6ACmnKnRcUkH2TIQRILN+viZMT/MYYU3OyBz68AA=="
    }
  }
}
